
Microsoft Visual Studio Solution File, Format Version 12.00
# Visual Studio 2012
Project("{FAE04EC0-301F-11D3-BF4B-00C04F79EFBC}") = "Tailcop", "Tailcop\Tailcop.csproj", "{8E6150C4-9061-4A34-926F-A17FB5FF6602}"
EndProject
Project("{2150E333-8FDC-42A3-9474-1A3956D46DE8}") = ".nuget", ".nuget", "{47C63488-5CBA-4986-B9C9-F8CD86C8CC11}"
	ProjectSection(SolutionItems) = preProject
		.nuget\NuGet.Config = .nuget\NuGet.Config
		.nuget\NuGet.exe = .nuget\NuGet.exe
		.nuget\NuGet.targets = .nuget\NuGet.targets
	EndProjectSection
EndProject
Global
	GlobalSection(SolutionConfigurationPlatforms) = preSolution
		Debug|Any CPU = Debug|Any CPU
		Release|Any CPU = Release|Any CPU
	EndGlobalSection
	GlobalSection(ProjectConfigurationPlatforms) = postSolution
		{8E6150C4-9061-4A34-926F-A17FB5FF6602}.Debug|Any CPU.ActiveCfg = Debug|Any CPU
		{8E6150C4-9061-4A34-926F-A17FB5FF6602}.Debug|Any CPU.Build.0 = Debug|Any CPU
		{8E6150C4-9061-4A34-926F-A17FB5FF6602}.Release|Any CPU.ActiveCfg = Release|Any CPU
		{8E6150C4-9061-4A34-926F-A17FB5FF6602}.Release|Any CPU.Build.0 = Release|Any CPU
	EndGlobalSection
	GlobalSection(SolutionProperties) = preSolution
		HideSolutionNode = FALSE
	EndGlobalSection
EndGlobal
